
Microsoft Visual Studio Solution File, Format Version 12.00
# Visual Studio Version 17
VisualStudioVersion = 17.0.31903.59
MinimumVisualStudioVersion = 10.0.40219.1
Project("{2150E333-8FDC-42A3-9474-1A3956D46DE8}") = "src", "src", "{827E0CD3-B72D-47B6-A68D-7590B98EB39B}"
EndProject
Project("{FAE04EC0-301F-11D3-BF4B-00C04F79EFBC}") = "Z80.Core", "src\Z80.Core\Z80.Core.csproj", "{B79A5FBA-3553-4631-A542-DF0308EBF2D2}"
EndProject
Project("{2150E333-8FDC-42A3-9474-1A3956D46DE8}") = "tests", "tests", "{0AB3BF05-4346-4AA6-1389-037BE0695223}"
EndProject
Project("{FAE04EC0-301F-11D3-BF4B-00C04F79EFBC}") = "Z80.Tests", "tests\Z80.Tests\Z80.Tests.csproj", "{6A6C44FB-5CA1-4C14-8BD7-B3D1A10AD19B}"
EndProject
Project("{FAE04EC0-301F-11D3-BF4B-00C04F79EFBC}") = "Z80.Conformance", "tests\Z80.Conformance\Z80.Conformance.csproj", "{B125F58C-2125-45B8-93E6-5FDBA82C3EB8}"
EndProject
Project("{FAE04EC0-301F-11D3-BF4B-00C04F79EFBC}") = "Z80.Disassembler", "src\Z80.Disassembler\Z80.Disassembler.csproj", "{3F5FB61B-1B3A-4656-A8FB-DA28C0E2DB02}"
EndProject
Project("{FAE04EC0-301F-11D3-BF4B-00C04F79EFBC}") = "Z80.Disassembler.Tests", "tests\Z80.Disassembler.Tests\Z80.Disassembler.Tests.csproj", "{FACAAC7A-0F14-4167-8E0E-891FEADD8B69}"
EndProject
Project("{FAE04EC0-301F-11D3-BF4B-00C04F79EFBC}") = "P2000.Machine", "src\P2000.Machine\P2000.Machine.csproj", "{8C194D83-7C91-4F9D-A13B-61BF9AA46093}"
EndProject
Project("{FAE04EC0-301F-11D3-BF4B-00C04F79EFBC}") = "P2000.Machine.Tests", "tests\P2000.Machine.Tests\P2000.Machine.Tests.csproj", "{56E688F3-6624-4C54-9F84-17AA72F53E99}"
EndProject
Global
	GlobalSection(SolutionConfigurationPlatforms) = preSolution
		Debug|Any CPU = Debug|Any CPU
		Debug|x64 = Debug|x64
		Debug|x86 = Debug|x86
		Release|Any CPU = Release|Any CPU
		Release|x64 = Release|x64
		Release|x86 = Release|x86
	EndGlobalSection
	GlobalSection(ProjectConfigurationPlatforms) = postSolution
		{B79A5FBA-3553-4631-A542-DF0308EBF2D2}.Debug|Any CPU.ActiveCfg = Debug|Any CPU
		{B79A5FBA-3553-4631-A542-DF0308EBF2D2}.Debug|Any CPU.Build.0 = Debug|Any CPU
		{B79A5FBA-3553-4631-A542-DF0308EBF2D2}.Debug|x64.ActiveCfg = Debug|Any CPU
		{B79A5FBA-3553-4631-A542-DF0308EBF2D2}.Debug|x64.Build.0 = Debug|Any CPU
		{B79A5FBA-3553-4631-A542-DF0308EBF2D2}.Debug|x86.ActiveCfg = Debug|Any CPU
		{B79A5FBA-3553-4631-A542-DF0308EBF2D2}.Debug|x86.Build.0 = Debug|Any CPU
		{B79A5FBA-3553-4631-A542-DF0308EBF2D2}.Release|Any CPU.ActiveCfg = Release|Any CPU
		{B79A5FBA-3553-4631-A542-DF0308EBF2D2}.Release|Any CPU.Build.0 = Release|Any CPU
		{B79A5FBA-3553-4631-A542-DF0308EBF2D2}.Release|x64.ActiveCfg = Release|Any CPU
		{B79A5FBA-3553-4631-A542-DF0308EBF2D2}.Release|x64.Build.0 = Release|Any CPU
		{B79A5FBA-3553-4631-A542-DF0308EBF2D2}.Release|x86.ActiveCfg = Release|Any CPU
		{B79A5FBA-3553-4631-A542-DF0308EBF2D2}.Release|x86.Build.0 = Release|Any CPU
		{6A6C44FB-5CA1-4C14-8BD7-B3D1A10AD19B}.Debug|Any CPU.ActiveCfg = Debug|Any CPU
		{6A6C44FB-5CA1-4C14-8BD7-B3D1A10AD19B}.Debug|Any CPU.Build.0 = Debug|Any CPU
		{6A6C44FB-5CA1-4C14-8BD7-B3D1A10AD19B}.Debug|x64.ActiveCfg = Debug|Any CPU
		{6A6C44FB-5CA1-4C14-8BD7-B3D1A10AD19B}.Debug|x64.Build.0 = Debug|Any CPU
		{6A6C44FB-5CA1-4C14-8BD7-B3D1A10AD19B}.Debug|x86.ActiveCfg = Debug|Any CPU
		{6A6C44FB-5CA1-4C14-8BD7-B3D1A10AD19B}.Debug|x86.Build.0 = Debug|Any CPU
		{6A6C44FB-5CA1-4C14-8BD7-B3D1A10AD19B}.Release|Any CPU.ActiveCfg = Release|Any CPU
		{6A6C44FB-5CA1-4C14-8BD7-B3D1A10AD19B}.Release|Any CPU.Build.0 = Release|Any CPU
		{6A6C44FB-5CA1-4C14-8BD7-B3D1A10AD19B}.Release|x64.ActiveCfg = Release|Any CPU
		{6A6C44FB-5CA1-4C14-8BD7-B3D1A10AD19B}.Release|x64.Build.0 = Release|Any CPU
		{6A6C44FB-5CA1-4C14-8BD7-B3D1A10AD19B}.Release|x86.ActiveCfg = Release|Any CPU
		{6A6C44FB-5CA1-4C14-8BD7-B3D1A10AD19B}.Release|x86.Build.0 = Release|Any CPU
		{B125F58C-2125-45B8-93E6-5FDBA82C3EB8}.Debug|Any CPU.ActiveCfg = Debug|Any CPU
		{B125F58C-2125-45B8-93E6-5FDBA82C3EB8}.Debug|Any CPU.Build.0 = Debug|Any CPU
		{B125F58C-2125-45B8-93E6-5FDBA82C3EB8}.Debug|x64.ActiveCfg = Debug|Any CPU
		{B125F58C-2125-45B8-93E6-5FDBA82C3EB8}.Debug|x64.Build.0 = Debug|Any CPU
		{B125F58C-2125-45B8-93E6-5FDBA82C3EB8}.Debug|x86.ActiveCfg = Debug|Any CPU
		{B125F58C-2125-45B8-93E6-5FDBA82C3EB8}.Debug|x86.Build.0 = Debug|Any CPU
		{B125F58C-2125-45B8-93E6-5FDBA82C3EB8}.Release|Any CPU.ActiveCfg = Release|Any CPU
		{B125F58C-2125-45B8-93E6-5FDBA82C3EB8}.Release|Any CPU.Build.0 = Release|Any CPU
		{B125F58C-2125-45B8-93E6-5FDBA82C3EB8}.Release|x64.ActiveCfg = Release|Any CPU
		{B125F58C-2125-45B8-93E6-5FDBA82C3EB8}.Release|x64.Build.0 = Release|Any CPU
		{B125F58C-2125-45B8-93E6-5FDBA82C3EB8}.Release|x86.ActiveCfg = Release|Any CPU
		{B125F58C-2125-45B8-93E6-5FDBA82C3EB8}.Release|x86.Build.0 = Release|Any CPU
		{3F5FB61B-1B3A-4656-A8FB-DA28C0E2DB02}.Debug|Any CPU.ActiveCfg = Debug|Any CPU
		{3F5FB61B-1B3A-4656-A8FB-DA28C0E2DB02}.Debug|Any CPU.Build.0 = Debug|Any CPU
		{3F5FB61B-1B3A-4656-A8FB-DA28C0E2DB02}.Debug|x64.ActiveCfg = Debug|Any CPU
		{3F5FB61B-1B3A-4656-A8FB-DA28C0E2DB02}.Debug|x64.Build.0 = Debug|Any CPU
		{3F5FB61B-1B3A-4656-A8FB-DA28C0E2DB02}.Debug|x86.ActiveCfg = Debug|Any CPU
		{3F5FB61B-1B3A-4656-A8FB-DA28C0E2DB02}.Debug|x86.Build.0 = Debug|Any CPU
		{3F5FB61B-1B3A-4656-A8FB-DA28C0E2DB02}.Release|Any CPU.ActiveCfg = Release|Any CPU
		{3F5FB61B-1B3A-4656-A8FB-DA28C0E2DB02}.Release|Any CPU.Build.0 = Release|Any CPU
		{3F5FB61B-1B3A-4656-A8FB-DA28C0E2DB02}.Release|x64.ActiveCfg = Release|Any CPU
		{3F5FB61B-1B3A-4656-A8FB-DA28C0E2DB02}.Release|x64.Build.0 = Release|Any CPU
		{3F5FB61B-1B3A-4656-A8FB-DA28C0E2DB02}.Release|x86.ActiveCfg = Release|Any CPU
		{3F5FB61B-1B3A-4656-A8FB-DA28C0E2DB02}.Release|x86.Build.0 = Release|Any CPU
		{FACAAC7A-0F14-4167-8E0E-891FEADD8B69}.Debug|Any CPU.ActiveCfg = Debug|Any CPU
		{FACAAC7A-0F14-4167-8E0E-891FEADD8B69}.Debug|Any CPU.Build.0 = Debug|Any CPU
		{FACAAC7A-0F14-4167-8E0E-891FEADD8B69}.Debug|x64.ActiveCfg = Debug|Any CPU
		{FACAAC7A-0F14-4167-8E0E-891FEADD8B69}.Debug|x64.Build.0 = Debug|Any CPU
		{FACAAC7A-0F14-4167-8E0E-891FEADD8B69}.Debug|x86.ActiveCfg = Debug|Any CPU
		{FACAAC7A-0F14-4167-8E0E-891FEADD8B69}.Debug|x86.Build.0 = Debug|Any CPU
		{FACAAC7A-0F14-4167-8E0E-891FEADD8B69}.Release|Any CPU.ActiveCfg = Release|Any CPU
		{FACAAC7A-0F14-4167-8E0E-891FEADD8B69}.Release|Any CPU.Build.0 = Release|Any CPU
		{FACAAC7A-0F14-4167-8E0E-891FEADD8B69}.Release|x64.ActiveCfg = Release|Any CPU
		{FACAAC7A-0F14-4167-8E0E-891FEADD8B69}.Release|x64.Build.0 = Release|Any CPU
		{FACAAC7A-0F14-4167-8E0E-891FEADD8B69}.Release|x86.ActiveCfg = Release|Any CPU
		{FACAAC7A-0F14-4167-8E0E-891FEADD8B69}.Release|x86.Build.0 = Release|Any CPU
		{8C194D83-7C91-4F9D-A13B-61BF9AA46093}.Debug|Any CPU.ActiveCfg = Debug|Any CPU
		{8C194D83-7C91-4F9D-A13B-61BF9AA46093}.Debug|Any CPU.Build.0 = Debug|Any CPU
		{8C194D83-7C91-4F9D-A13B-61BF9AA46093}.Debug|x64.ActiveCfg = Debug|Any CPU
		{8C194D83-7C91-4F9D-A13B-61BF9AA46093}.Debug|x64.Build.0 = Debug|Any CPU
		{8C194D83-7C91-4F9D-A13B-61BF9AA46093}.Debug|x86.ActiveCfg = Debug|Any CPU
		{8C194D83-7C91-4F9D-A13B-61BF9AA46093}.Debug|x86.Build.0 = Debug|Any CPU
		{8C194D83-7C91-4F9D-A13B-61BF9AA46093}.Release|Any CPU.ActiveCfg = Release|Any CPU
		{8C194D83-7C91-4F9D-A13B-61BF9AA46093}.Release|Any CPU.Build.0 = Release|Any CPU
		{8C194D83-7C91-4F9D-A13B-61BF9AA46093}.Release|x64.ActiveCfg = Release|Any CPU
		{8C194D83-7C91-4F9D-A13B-61BF9AA46093}.Release|x64.Build.0 = Release|Any CPU
		{8C194D83-7C91-4F9D-A13B-61BF9AA46093}.Release|x86.ActiveCfg = Release|Any CPU
		{8C194D83-7C91-4F9D-A13B-61BF9AA46093}.Release|x86.Build.0 = Release|Any CPU
		{56E688F3-6624-4C54-9F84-17AA72F53E99}.Debug|Any CPU.ActiveCfg = Debug|Any CPU
		{56E688F3-6624-4C54-9F84-17AA72F53E99}.Debug|Any CPU.Build.0 = Debug|Any CPU
		{56E688F3-6624-4C54-9F84-17AA72F53E99}.Debug|x64.ActiveCfg = Debug|Any CPU
		{56E688F3-6624-4C54-9F84-17AA72F53E99}.Debug|x64.Build.0 = Debug|Any CPU
		{56E688F3-6624-4C54-9F84-17AA72F53E99}.Debug|x86.ActiveCfg = Debug|Any CPU
		{56E688F3-6624-4C54-9F84-17AA72F53E99}.Debug|x86.Build.0 = Debug|Any CPU
		{56E688F3-6624-4C54-9F84-17AA72F53E99}.Release|Any CPU.ActiveCfg = Release|Any CPU
		{56E688F3-6624-4C54-9F84-17AA72F53E99}.Release|Any CPU.Build.0 = Release|Any CPU
		{56E688F3-6624-4C54-9F84-17AA72F53E99}.Release|x64.ActiveCfg = Release|Any CPU
		{56E688F3-6624-4C54-9F84-17AA72F53E99}.Release|x64.Build.0 = Release|Any CPU
		{56E688F3-6624-4C54-9F84-17AA72F53E99}.Release|x86.ActiveCfg = Release|Any CPU
		{56E688F3-6624-4C54-9F84-17AA72F53E99}.Release|x86.Build.0 = Release|Any CPU
	EndGlobalSection
	GlobalSection(SolutionProperties) = preSolution
		HideSolutionNode = FALSE
	EndGlobalSection
	GlobalSection(NestedProjects) = preSolution
		{B79A5FBA-3553-4631-A542-DF0308EBF2D2} = {827E0CD3-B72D-47B6-A68D-7590B98EB39B}
		{6A6C44FB-5CA1-4C14-8BD7-B3D1A10AD19B} = {0AB3BF05-4346-4AA6-1389-037BE0695223}
		{B125F58C-2125-45B8-93E6-5FDBA82C3EB8} = {0AB3BF05-4346-4AA6-1389-037BE0695223}
		{3F5FB61B-1B3A-4656-A8FB-DA28C0E2DB02} = {827E0CD3-B72D-47B6-A68D-7590B98EB39B}
		{FACAAC7A-0F14-4167-8E0E-891FEADD8B69} = {0AB3BF05-4346-4AA6-1389-037BE0695223}
		{8C194D83-7C91-4F9D-A13B-61BF9AA46093} = {827E0CD3-B72D-47B6-A68D-7590B98EB39B}
		{56E688F3-6624-4C54-9F84-17AA72F53E99} = {0AB3BF05-4346-4AA6-1389-037BE0695223}
	EndGlobalSection
EndGlobal
